
Microsoft Visual Studio Solution File, Format Version 12.00
# Visual Studio Version 16
VisualStudioVersion = 25.0.1706.0
MinimumVisualStudioVersion = 10.0.40219.1
Project("{FAE04EC0-301F-11D3-BF4B-00C04F79EFBC}") = "Highschool", "Highschool.csproj", "{35590383-B259-49DE-B929-D23774DD9C40}"
EndProject
Global
	GlobalSection(SolutionConfigurationPlatforms) = preSolution
		Debug|Any CPU = Debug|Any CPU
		Release|Any CPU = Release|Any CPU
	EndGlobalSection
	GlobalSection(ProjectConfigurationPlatforms) = postSolution
		{35590383-B259-49DE-B929-D23774DD9C40}.Debug|Any CPU.ActiveCfg = Debug|Any CPU
		{35590383-B259-49DE-B929-D23774DD9C40}.Debug|Any CPU.Build.0 = Debug|Any CPU
		{35590383-B259-49DE-B929-D23774DD9C40}.Release|Any CPU.ActiveCfg = Release|Any CPU
		{35590383-B259-49DE-B929-D23774DD9C40}.Release|Any CPU.Build.0 = Release|Any CPU
	EndGlobalSection
	GlobalSection(SolutionProperties) = preSolution
		HideSolutionNode = FALSE
	EndGlobalSection
	GlobalSection(ExtensibilityGlobals) = postSolution
		SolutionGuid = {2FD8AF8E-6D40-4C1B-951E-4A3542DB3B96}
	EndGlobalSection
EndGlobal
